
Microsoft Visual Studio Solution File, Format Version 12.00
# Visual Studio Version 17
VisualStudioVersion = 17.9.34728.123
MinimumVisualStudioVersion = 10.0.40219.1
Project("{FAE04EC0-301F-11D3-BF4B-00C04F79EFBC}") = "LoginMVC", "LoginMVC\LoginMVC.csproj", "{5813758F-0260-48CD-94B3-4552028A951B}"
EndProject
Global
	GlobalSection(SolutionConfigurationPlatforms) = preSolution
		Debug|Any CPU = Debug|Any CPU
		Release|Any CPU = Release|Any CPU
	EndGlobalSection
	GlobalSection(ProjectConfigurationPlatforms) = postSolution
		{5813758F-0260-48CD-94B3-4552028A951B}.Debug|Any CPU.ActiveCfg = Debug|Any CPU
		{5813758F-0260-48CD-94B3-4552028A951B}.Debug|Any CPU.Build.0 = Debug|Any CPU
		{5813758F-0260-48CD-94B3-4552028A951B}.Release|Any CPU.ActiveCfg = Release|Any CPU
		{5813758F-0260-48CD-94B3-4552028A951B}.Release|Any CPU.Build.0 = Release|Any CPU
	EndGlobalSection
	GlobalSection(SolutionProperties) = preSolution
		HideSolutionNode = FALSE
	EndGlobalSection
	GlobalSection(ExtensibilityGlobals) = postSolution
		SolutionGuid = {E6406421-FD8F-4004-91FC-D1499ACFE7B0}
	EndGlobalSection
EndGlobal
